
Microsoft Visual Studio Solution File, Format Version 12.00
# Visual Studio Version 16
VisualStudioVersion = 16.0.31112.23
MinimumVisualStudioVersion = 10.0.40219.1
Project("{8BC9CEB8-8B4A-11D0-8D11-00A0C91BC942}") = "Engine", "Engine\Engine.vcxproj", "{D5D44867-8EDF-4423-8AD4-4AABE7C1575E}"
EndProject
Project("{8BC9CEB8-8B4A-11D0-8D11-00A0C91BC942}") = "Demo", "Demo\Demo.vcxproj", "{052C42CF-D605-4CCE-8A25-6B5A74174B14}"
	ProjectSection(ProjectDependencies) = postProject
		{D5D44867-8EDF-4423-8AD4-4AABE7C1575E} = {D5D44867-8EDF-4423-8AD4-4AABE7C1575E}
	EndProjectSection
EndProject
Global
	GlobalSection(SolutionConfigurationPlatforms) = preSolution
		Debug|x64 = Debug|x64
		Debug|x86 = Debug|x86
		Release|x64 = Release|x64
		Release|x86 = Release|x86
	EndGlobalSection
	GlobalSection(ProjectConfigurationPlatforms) = postSolution
		{D5D44867-8EDF-4423-8AD4-4AABE7C1575E}.Debug|x64.ActiveCfg = Debug|x64
		{D5D44867-8EDF-4423-8AD4-4AABE7C1575E}.Debug|x64.Build.0 = Debug|x64
		{D5D44867-8EDF-4423-8AD4-4AABE7C1575E}.Debug|x86.ActiveCfg = Debug|x64
		{D5D44867-8EDF-4423-8AD4-4AABE7C1575E}.Release|x64.ActiveCfg = Release|x64
		{D5D44867-8EDF-4423-8AD4-4AABE7C1575E}.Release|x64.Build.0 = Release|x64
		{D5D44867-8EDF-4423-8AD4-4AABE7C1575E}.Release|x86.ActiveCfg = Release|x64
		{052C42CF-D605-4CCE-8A25-6B5A74174B14}.Debug|x64.ActiveCfg = Debug|x64
		{052C42CF-D605-4CCE-8A25-6B5A74174B14}.Debug|x64.Build.0 = Debug|x64
		{052C42CF-D605-4CCE-8A25-6B5A74174B14}.Debug|x86.ActiveCfg = Debug|x64
		{052C42CF-D605-4CCE-8A25-6B5A74174B14}.Release|x64.ActiveCfg = Release|x64
		{052C42CF-D605-4CCE-8A25-6B5A74174B14}.Release|x64.Build.0 = Release|x64
		{052C42CF-D605-4CCE-8A25-6B5A74174B14}.Release|x86.ActiveCfg = Release|x64
	EndGlobalSection
	GlobalSection(SolutionProperties) = preSolution
		HideSolutionNode = FALSE
	EndGlobalSection
	GlobalSection(ExtensibilityGlobals) = postSolution
		SolutionGuid = {149B49FE-165C-425F-9E50-5E58CE93249B}
	EndGlobalSection
EndGlobal
